
Microsoft Visual Studio Solution File, Format Version 12.00
# Visual Studio Version 16
VisualStudioVersion = 16.0.30128.74
MinimumVisualStudioVersion = 10.0.40219.1
Project("{9A19103F-16F7-4668-BE54-9A1E7A4F7556}") = "Furni.WebAPI", "Furni.WebAPI\Furni.WebAPI.csproj", "{8F28873E-F7AF-4EBC-BB82-E73B6607701D}"
EndProject
Project("{FAE04EC0-301F-11D3-BF4B-00C04F79EFBC}") = "Furni.Domain", "Furni.Domain\Furni.Domain.csproj", "{6AA98CF8-F665-46C8-976A-2B43E557ACA2}"
EndProject
Project("{FAE04EC0-301F-11D3-BF4B-00C04F79EFBC}") = "Furni.Infrastructure", "Furni.Infrastructure\Furni.Infrastructure.csproj", "{371BF5B6-44C2-4143-ABB5-448B9908DBE4}"
EndProject
Project("{FAE04EC0-301F-11D3-BF4B-00C04F79EFBC}") = "Furni.Service", "Furni.Service\Furni.Service.csproj", "{7840CD69-1356-4258-9EF7-7B7393522F67}"
EndProject
Project("{FAE04EC0-301F-11D3-BF4B-00C04F79EFBC}") = "Furni.Helper", "Furni.Helper\Furni.Helper.csproj", "{0D53B744-0925-4B94-AEC2-06FBE4EAC7EA}"
EndProject
Global
	GlobalSection(SolutionConfigurationPlatforms) = preSolution
		Debug|Any CPU = Debug|Any CPU
		Release|Any CPU = Release|Any CPU
	EndGlobalSection
	GlobalSection(ProjectConfigurationPlatforms) = postSolution
		{8F28873E-F7AF-4EBC-BB82-E73B6607701D}.Debug|Any CPU.ActiveCfg = Debug|Any CPU
		{8F28873E-F7AF-4EBC-BB82-E73B6607701D}.Debug|Any CPU.Build.0 = Debug|Any CPU
		{8F28873E-F7AF-4EBC-BB82-E73B6607701D}.Release|Any CPU.ActiveCfg = Release|Any CPU
		{8F28873E-F7AF-4EBC-BB82-E73B6607701D}.Release|Any CPU.Build.0 = Release|Any CPU
		{6AA98CF8-F665-46C8-976A-2B43E557ACA2}.Debug|Any CPU.ActiveCfg = Debug|Any CPU
		{6AA98CF8-F665-46C8-976A-2B43E557ACA2}.Debug|Any CPU.Build.0 = Debug|Any CPU
		{6AA98CF8-F665-46C8-976A-2B43E557ACA2}.Release|Any CPU.ActiveCfg = Release|Any CPU
		{6AA98CF8-F665-46C8-976A-2B43E557ACA2}.Release|Any CPU.Build.0 = Release|Any CPU
		{371BF5B6-44C2-4143-ABB5-448B9908DBE4}.Debug|Any CPU.ActiveCfg = Debug|Any CPU
		{371BF5B6-44C2-4143-ABB5-448B9908DBE4}.Debug|Any CPU.Build.0 = Debug|Any CPU
		{371BF5B6-44C2-4143-ABB5-448B9908DBE4}.Release|Any CPU.ActiveCfg = Release|Any CPU
		{371BF5B6-44C2-4143-ABB5-448B9908DBE4}.Release|Any CPU.Build.0 = Release|Any CPU
		{7840CD69-1356-4258-9EF7-7B7393522F67}.Debug|Any CPU.ActiveCfg = Debug|Any CPU
		{7840CD69-1356-4258-9EF7-7B7393522F67}.Debug|Any CPU.Build.0 = Debug|Any CPU
		{7840CD69-1356-4258-9EF7-7B7393522F67}.Release|Any CPU.ActiveCfg = Release|Any CPU
		{7840CD69-1356-4258-9EF7-7B7393522F67}.Release|Any CPU.Build.0 = Release|Any CPU
		{0D53B744-0925-4B94-AEC2-06FBE4EAC7EA}.Debug|Any CPU.ActiveCfg = Debug|Any CPU
		{0D53B744-0925-4B94-AEC2-06FBE4EAC7EA}.Debug|Any CPU.Build.0 = Debug|Any CPU
		{0D53B744-0925-4B94-AEC2-06FBE4EAC7EA}.Release|Any CPU.ActiveCfg = Release|Any CPU
		{0D53B744-0925-4B94-AEC2-06FBE4EAC7EA}.Release|Any CPU.Build.0 = Release|Any CPU
	EndGlobalSection
	GlobalSection(SolutionProperties) = preSolution
		HideSolutionNode = FALSE
	EndGlobalSection
	GlobalSection(ExtensibilityGlobals) = postSolution
		SolutionGuid = {015FEF55-FB4A-45A7-8507-7EA2751795C9}
	EndGlobalSection
EndGlobal
